
Microsoft Visual Studio Solution File, Format Version 12.00
# Visual Studio Version 16
VisualStudioVersion = 16.0.32106.194
MinimumVisualStudioVersion = 10.0.40219.1
Project("{FAE04EC0-301F-11D3-BF4B-00C04F79EFBC}") = "EMA", "EMA\EMA.csproj", "{F7D92DED-E294-4D45-95C9-F56B7DC8FECE}"
EndProject
Global
	GlobalSection(SolutionConfigurationPlatforms) = preSolution
		Debug|Any CPU = Debug|Any CPU
		Release|Any CPU = Release|Any CPU
	EndGlobalSection
	GlobalSection(ProjectConfigurationPlatforms) = postSolution
		{F7D92DED-E294-4D45-95C9-F56B7DC8FECE}.Debug|Any CPU.ActiveCfg = Debug|Any CPU
		{F7D92DED-E294-4D45-95C9-F56B7DC8FECE}.Debug|Any CPU.Build.0 = Debug|Any CPU
		{F7D92DED-E294-4D45-95C9-F56B7DC8FECE}.Release|Any CPU.ActiveCfg = Release|Any CPU
		{F7D92DED-E294-4D45-95C9-F56B7DC8FECE}.Release|Any CPU.Build.0 = Release|Any CPU
	EndGlobalSection
	GlobalSection(SolutionProperties) = preSolution
		HideSolutionNode = FALSE
	EndGlobalSection
	GlobalSection(ExtensibilityGlobals) = postSolution
		SolutionGuid = {6C928497-1F7A-4713-9C96-6B5601AC41D0}
	EndGlobalSection
EndGlobal
